// !$*UTF8*$!
{
	archiveVersion = 1;
	classes = {
	};
	objectVersion = 56;
	objects = {

/* Begin PBXBuildFile section */
		A5DA424F2BD7F6CD008224F5 /* DoneTasksView.swift in Sources */ = {isa = PBXBuildFile; fileRef = A5DA424E2BD7F6CD008224F5 /* DoneTasksView.swift */; };
		A5E5C8712BD7EA08003D370B /* HouseTaskAppApp.swift in Sources */ = {isa = PBXBuildFile; fileRef = A5E5C8702BD7EA08003D370B /* HouseTaskAppApp.swift */; };
		A5E5C8752BD7EA0A003D370B /* Assets.xcassets in Resources */ = {isa = PBXBuildFile; fileRef = A5E5C8742BD7EA0A003D370B /* Assets.xcassets */; };
		A5E5C8782BD7EA0A003D370B /* Preview Assets.xcassets in Resources */ = {isa = PBXBuildFile; fileRef = A5E5C8772BD7EA0A003D370B /* Preview Assets.xcassets */; };
		A5E5C8822BD7EA0A003D370B /* HouseTaskAppTests.swift in Sources */ = {isa = PBXBuildFile; fileRef = A5E5C8812BD7EA0A003D370B /* HouseTaskAppTests.swift */; };
		A5E5C88C2BD7EA0A003D370B /* HouseTaskAppUITests.swift in Sources */ = {isa = PBXBuildFile; fileRef = A5E5C88B2BD7EA0A003D370B /* HouseTaskAppUITests.swift */; };
		A5E5C88E2BD7EA0A003D370B /* HouseTaskAppUITestsLaunchTests.swift in Sources */ = {isa = PBXBuildFile; fileRef = A5E5C88D2BD7EA0A003D370B /* HouseTaskAppUITestsLaunchTests.swift */; };
		A5E5C89B2BD7EA2A003D370B /* HouseTaskModel.swift in Sources */ = {isa = PBXBuildFile; fileRef = A5E5C89A2BD7EA2A003D370B /* HouseTaskModel.swift */; };
		A5E5C89D2BD7EA3A003D370B /* HouseTaskViewModel.swift in Sources */ = {isa = PBXBuildFile; fileRef = A5E5C89C2BD7EA3A003D370B /* HouseTaskViewModel.swift */; };
		A5E5C8A12BD7EAAC003D370B /* HouseTaskView.swift in Sources */ = {isa = PBXBuildFile; fileRef = A5E5C8A02BD7EAAC003D370B /* HouseTaskView.swift */; };
/* End PBXBuildFile section */

/* Begin PBXContainerItemProxy section */
		A5E5C87E2BD7EA0A003D370B /* PBXContainerItemProxy */ = {
			isa = PBXContainerItemProxy;
			containerPortal = A5E5C8652BD7EA08003D370B /* Project object */;
			proxyType = 1;
			remoteGlobalIDString = A5E5C86C2BD7EA08003D370B;
			remoteInfo = HouseTaskApp;
		};
		A5E5C8882BD7EA0A003D370B /* PBXContainerItemProxy */ = {
			isa = PBXContainerItemProxy;
			containerPortal = A5E5C8652BD7EA08003D370B /* Project object */;
			proxyType = 1;
			remoteGlobalIDString = A5E5C86C2BD7EA08003D370B;
			remoteInfo = HouseTaskApp;
		};
/* End PBXContainerItemProxy section */

/* Begin PBXFileReference section */
		A5DA424E2BD7F6CD008224F5 /* DoneTasksView.swift */ = {isa = PBXFileReference; lastKnownFileType = sourcecode.swift; path = DoneTasksView.swift; sourceTree = "<group>"; };
		A5E5C86D2BD7EA08003D370B /* HouseTaskApp.app */ = {isa = PBXFileReference; explicitFileType = wrapper.application; includeInIndex = 0; path = HouseTaskApp.app; sourceTree = BUILT_PRODUCTS_DIR; };
		A5E5C8702BD7EA08003D370B /* HouseTaskAppApp.swift */ = {isa = PBXFileReference; lastKnownFileType = sourcecode.swift; path = HouseTaskAppApp.swift; sourceTree = "<group>"; };
		A5E5C8742BD7EA0A003D370B /* Assets.xcassets */ = {isa = PBXFileReference; lastKnownFileType = folder.assetcatalog; path = Assets.xcassets; sourceTree = "<group>"; };
		A5E5C8772BD7EA0A003D370B /* Preview Assets.xcassets */ = {isa = PBXFileReference; lastKnownFileType = folder.assetcatalog; path = "Preview Assets.xcassets"; sourceTree = "<group>"; };
		A5E5C87D2BD7EA0A003D370B /* HouseTaskAppTests.xctest */ = {isa = PBXFileReference; explicitFileType = wrapper.cfbundle; includeInIndex = 0; path = HouseTaskAppTests.xctest; sourceTree = BUILT_PRODUCTS_DIR; };
		A5E5C8812BD7EA0A003D370B /* HouseTaskAppTests.swift */ = {isa = PBXFileReference; lastKnownFileType = sourcecode.swift; path = HouseTaskAppTests.swift; sourceTree = "<group>"; };
		A5E5C8872BD7EA0A003D370B /* HouseTaskAppUITests.xctest */ = {isa = PBXFileReference; explicitFileType = wrapper.cfbundle; includeInIndex = 0; path = HouseTaskAppUITests.xctest; sourceTree = BUILT_PRODUCTS_DIR; };
		A5E5C88B2BD7EA0A003D370B /* HouseTaskAppUITests.swift */ = {isa = PBXFileReference; lastKnownFileType = sourcecode.swift; path = HouseTaskAppUITests.swift; sourceTree = "<group>"; };
		A5E5C88D2BD7EA0A003D370B /* HouseTaskAppUITestsLaunchTests.swift */ = {isa = PBXFileReference; lastKnownFileType = sourcecode.swift; path = HouseTaskAppUITestsLaunchTests.swift; sourceTree = "<group>"; };
		A5E5C89A2BD7EA2A003D370B /* HouseTaskModel.swift */ = {isa = PBXFileReference; lastKnownFileType = sourcecode.swift; path = HouseTaskModel.swift; sourceTree = "<group>"; };
		A5E5C89C2BD7EA3A003D370B /* HouseTaskViewModel.swift */ = {isa = PBXFileReference; lastKnownFileType = sourcecode.swift; path = HouseTaskViewModel.swift; sourceTree = "<group>"; };
		A5E5C8A02BD7EAAC003D370B /* HouseTaskView.swift */ = {isa = PBXFileReference; lastKnownFileType = sourcecode.swift; path = HouseTaskView.swift; sourceTree = "<group>"; };
/* End PBXFileReference section */

/* Begin PBXFrameworksBuildPhase section */
		A5E5C86A2BD7EA08003D370B /* Frameworks */ = {
			isa = PBXFrameworksBuildPhase;
			buildActionMask = 2147483647;
			files = (
			);
			runOnlyForDeploymentPostprocessing = 0;
		};
		A5E5C87A2BD7EA0A003D370B /* Frameworks */ = {
			isa = PBXFrameworksBuildPhase;
			buildActionMask = 2147483647;
			files = (
			);
			runOnlyForDeploymentPostprocessing = 0;
		};
		A5E5C8842BD7EA0A003D370B /* Frameworks */ = {
			isa = PBXFrameworksBuildPhase;
			buildActionMask = 2147483647;
			files = (
			);
			runOnlyForDeploymentPostprocessing = 0;
		};
/* End PBXFrameworksBuildPhase section */

/* Begin PBXGroup section */
		A5E5C8642BD7EA08003D370B = {
			isa = PBXGroup;
			children = (
				A5E5C86F2BD7EA08003D370B /* HouseTaskApp */,
				A5E5C8802BD7EA0A003D370B /* HouseTaskAppTests */,
				A5E5C88A2BD7EA0A003D370B /* HouseTaskAppUITests */,
				A5E5C86E2BD7EA08003D370B /* Products */,
			);
			sourceTree = "<group>";
		};
		A5E5C86E2BD7EA08003D370B /* Products */ = {
			isa = PBXGroup;
			children = (
				A5E5C86D2BD7EA08003D370B /* HouseTaskApp.app */,
				A5E5C87D2BD7EA0A003D370B /* HouseTaskAppTests.xctest */,
				A5E5C8872BD7EA0A003D370B /* HouseTaskAppUITests.xctest */,
			);
			name = Products;
			sourceTree = "<group>";
		};
		A5E5C86F2BD7EA08003D370B /* HouseTaskApp */ = {
			isa = PBXGroup;
			children = (
				A5E5C8702BD7EA08003D370B /* HouseTaskAppApp.swift */,
				A5E5C89C2BD7EA3A003D370B /* HouseTaskViewModel.swift */,
				A5E5C89A2BD7EA2A003D370B /* HouseTaskModel.swift */,
				A5DA424E2BD7F6CD008224F5 /* DoneTasksView.swift */,
				A5E5C8A02BD7EAAC003D370B /* HouseTaskView.swift */,
				A5E5C8742BD7EA0A003D370B /* Assets.xcassets */,
				A5E5C8762BD7EA0A003D370B /* Preview Content */,
			);
			path = HouseTaskApp;
			sourceTree = "<group>";
		};
		A5E5C8762BD7EA0A003D370B /* Preview Content */ = {
			isa = PBXGroup;
			children = (
				A5E5C8772BD7EA0A003D370B /* Preview Assets.xcassets */,
			);
			path = "Preview Content";
			sourceTree = "<group>";
		};
		A5E5C8802BD7EA0A003D370B /* HouseTaskAppTests */ = {
			isa = PBXGroup;
			children = (
				A5E5C8812BD7EA0A003D370B /* HouseTaskAppTests.swift */,
			);
			path = HouseTaskAppTests;
			sourceTree = "<group>";
		};
		A5E5C88A2BD7EA0A003D370B /* HouseTaskAppUITests */ = {
			isa = PBXGroup;
			children = (
				A5E5C88B2BD7EA0A003D370B /* HouseTaskAppUITests.swift */,
				A5E5C88D2BD7EA0A003D370B /* HouseTaskAppUITestsLaunchTests.swift */,
			);
			path = HouseTaskAppUITests;
			sourceTree = "<group>";
		};
/* End PBXGroup section */

/* Begin PBXNativeTarget section */
		A5E5C86C2BD7EA08003D370B /* HouseTaskApp */ = {
			isa = PBXNativeTarget;
			buildConfigurationList = A5E5C8912BD7EA0A003D370B /* Build configuration list for PBXNativeTarget "HouseTaskApp" */;
			buildPhases = (
				A5E5C8692BD7EA08003D370B /* Sources */,
				A5E5C86A2BD7EA08003D370B /* Frameworks */,
				A5E5C86B2BD7EA08003D370B /* Resources */,
			);
			buildRules = (
			);
			dependencies = (
			);
			name = HouseTaskApp;
			productName = HouseTaskApp;
			productReference = A5E5C86D2BD7EA08003D370B /* HouseTaskApp.app */;
			productType = "com.apple.product-type.application";
		};
		A5E5C87C2BD7EA0A003D370B /* HouseTaskAppTests */ = {
			isa = PBXNativeTarget;
			buildConfigurationList = A5E5C8942BD7EA0A003D370B /* Build configuration list for PBXNativeTarget "HouseTaskAppTests" */;
			buildPhases = (
				A5E5C8792BD7EA0A003D370B /* Sources */,
				A5E5C87A2BD7EA0A003D370B /* Frameworks */,
				A5E5C87B2BD7EA0A003D370B /* Resources */,
			);
			buildRules = (
			);
			dependencies = (
				A5E5C87F2BD7EA0A003D370B /* PBXTargetDependency */,
			);
			name = HouseTaskAppTests;
			productName = HouseTaskAppTests;
			productReference = A5E5C87D2BD7EA0A003D370B /* HouseTaskAppTests.xctest */;
			productType = "com.apple.product-type.bundle.unit-test";
		};
		A5E5C8862BD7EA0A003D370B /* HouseTaskAppUITests */ = {
			isa = PBXNativeTarget;
			buildConfigurationList = A5E5C8972BD7EA0A003D370B /* Build configuration list for PBXNativeTarget "HouseTaskAppUITests" */;
			buildPhases = (
				A5E5C8832BD7EA0A003D370B /* Sources */,
				A5E5C8842BD7EA0A003D370B /* Frameworks */,
				A5E5C8852BD7EA0A003D370B /* Resources */,
			);
			buildRules = (
			);
			dependencies = (
				A5E5C8892BD7EA0A003D370B /* PBXTargetDependency */,
			);
			name = HouseTaskAppUITests;
			productName = HouseTaskAppUITests;
			productReference = A5E5C8872BD7EA0A003D370B /* HouseTaskAppUITests.xctest */;
			productType = "com.apple.product-type.bundle.ui-testing";
		};
/* End PBXNativeTarget section */

/* Begin PBXProject section */
		A5E5C8652BD7EA08003D370B /* Project object */ = {
			isa = PBXProject;
			attributes = {
				BuildIndependentTargetsInParallel = 1;
				LastSwiftUpdateCheck = 1500;
				LastUpgradeCheck = 1500;
				TargetAttributes = {
					A5E5C86C2BD7EA08003D370B = {
						CreatedOnToolsVersion = 15.0.1;
					};
					A5E5C87C2BD7EA0A003D370B = {
						CreatedOnToolsVersion = 15.0.1;
						TestTargetID = A5E5C86C2BD7EA08003D370B;
					};
					A5E5C8862BD7EA0A003D370B = {
						CreatedOnToolsVersion = 15.0.1;
						TestTargetID = A5E5C86C2BD7EA08003D370B;
					};
				};
			};
			buildConfigurationList = A5E5C8682BD7EA08003D370B /* Build configuration list for PBXProject "HouseTaskApp" */;
			compatibilityVersion = "Xcode 14.0";
			developmentRegion = en;
			hasScannedForEncodings = 0;
			knownRegions = (
				en,
				Base,
			);
			mainGroup = A5E5C8642BD7EA08003D370B;
			productRefGroup = A5E5C86E2BD7EA08003D370B /* Products */;
			projectDirPath = "";
			projectRoot = "";
			targets = (
				A5E5C86C2BD7EA08003D370B /* HouseTaskApp */,
				A5E5C87C2BD7EA0A003D370B /* HouseTaskAppTests */,
				A5E5C8862BD7EA0A003D370B /* HouseTaskAppUITests */,
			);
		};
/* End PBXProject section */

/* Begin PBXResourcesBuildPhase section */
		A5E5C86B2BD7EA08003D370B /* Resources */ = {
			isa = PBXResourcesBuildPhase;
			buildActionMask = 2147483647;
			files = (
				A5E5C8782BD7EA0A003D370B /* Preview Assets.xcassets in Resources */,
				A5E5C8752BD7EA0A003D370B /* Assets.xcassets in Resources */,
			);
			runOnlyForDeploymentPostprocessing = 0;
		};
		A5E5C87B2BD7EA0A003D370B /* Resources */ = {
			isa = PBXResourcesBuildPhase;
			buildActionMask = 2147483647;
			files = (
			);
			runOnlyForDeploymentPostprocessing = 0;
		};
		A5E5C8852BD7EA0A003D370B /* Resources */ = {
			isa = PBXResourcesBuildPhase;
			buildActionMask = 2147483647;
			files = (
			);
			runOnlyForDeploymentPostprocessing = 0;
		};
/* End PBXResourcesBuildPhase section */

/* Begin PBXSourcesBuildPhase section */
		A5E5C8692BD7EA08003D370B /* Sources */ = {
			isa = PBXSourcesBuildPhase;
			buildActionMask = 2147483647;
			files = (
				A5E5C89B2BD7EA2A003D370B /* HouseTaskModel.swift in Sources */,
				A5E5C8A12BD7EAAC003D370B /* HouseTaskView.swift in Sources */,
				A5E5C89D2BD7EA3A003D370B /* HouseTaskViewModel.swift in Sources */,
				A5E5C8712BD7EA08003D370B /* HouseTaskAppApp.swift in Sources */,
				A5DA424F2BD7F6CD008224F5 /* DoneTasksView.swift in Sources */,
			);
			runOnlyForDeploymentPostprocessing = 0;
		};
		A5E5C8792BD7EA0A003D370B /* Sources */ = {
			isa = PBXSourcesBuildPhase;
			buildActionMask = 2147483647;
			files = (
				A5E5C8822BD7EA0A003D370B /* HouseTaskAppTests.swift in Sources */,
			);
			runOnlyForDeploymentPostprocessing = 0;
		};
		A5E5C8832BD7EA0A003D370B /* Sources */ = {
			isa = PBXSourcesBuildPhase;
			buildActionMask = 2147483647;
			files = (
				A5E5C88E2BD7EA0A003D370B /* HouseTaskAppUITestsLaunchTests.swift in Sources */,
				A5E5C88C2BD7EA0A003D370B /* HouseTaskAppUITests.swift in Sources */,
			);
			runOnlyForDeploymentPostprocessing = 0;
		};
/* End PBXSourcesBuildPhase section */

/* Begin PBXTargetDependency section */
		A5E5C87F2BD7EA0A003D370B /* PBXTargetDependency */ = {
			isa = PBXTargetDependency;
			target = A5E5C86C2BD7EA08003D370B /* HouseTaskApp */;
			targetProxy = A5E5C87E2BD7EA0A003D370B /* PBXContainerItemProxy */;
		};
		A5E5C8892BD7EA0A003D370B /* PBXTargetDependency */ = {
			isa = PBXTargetDependency;
			target = A5E5C86C2BD7EA08003D370B /* HouseTaskApp */;
			targetProxy = A5E5C8882BD7EA0A003D370B /* PBXContainerItemProxy */;
		};
/* End PBXTargetDependency section */

/* Begin XCBuildConfiguration section */
		A5E5C88F2BD7EA0A003D370B /* Debug */ = {
			isa = XCBuildConfiguration;
			buildSettings = {
				ALWAYS_SEARCH_USER_PATHS = NO;
				ASSETCATALOG_COMPILER_GENERATE_SWIFT_ASSET_SYMBOL_EXTENSIONS = YES;
				CLANG_ANALYZER_NONNULL = YES;
				CLANG_ANALYZER_NUMBER_OBJECT_CONVERSION = YES_AGGRESSIVE;
				CLANG_CXX_LANGUAGE_STANDARD = "gnu++20";
				CLANG_ENABLE_MODULES = YES;
				CLANG_ENABLE_OBJC_ARC = YES;
				CLANG_ENABLE_OBJC_WEAK = YES;
				CLANG_WARN_BLOCK_CAPTURE_AUTORELEASING = YES;
				CLANG_WARN_BOOL_CONVERSION = YES;
				CLANG_WARN_COMMA = YES;
				CLANG_WARN_CONSTANT_CONVERSION = YES;
				CLANG_WARN_DEPRECATED_OBJC_IMPLEMENTATIONS = YES;
				CLANG_WARN_DIRECT_OBJC_ISA_USAGE = YES_ERROR;
				CLANG_WARN_DOCUMENTATION_COMMENTS = YES;
				CLANG_WARN_EMPTY_BODY = YES;
				CLANG_WARN_ENUM_CONVERSION = YES;
				CLANG_WARN_INFINITE_RECURSION = YES;
				CLANG_WARN_INT_CONVERSION = YES;
				CLANG_WARN_NON_LITERAL_NULL_CONVERSION = YES;
				CLANG_WARN_OBJC_IMPLICIT_RETAIN_SELF = YES;
				CLANG_WARN_OBJC_LITERAL_CONVERSION = YES;
				CLANG_WARN_OBJC_ROOT_CLASS = YES_ERROR;
				CLANG_WARN_QUOTED_INCLUDE_IN_FRAMEWORK_HEADER = YES;
				CLANG_WARN_RANGE_LOOP_ANALYSIS = YES;
				CLANG_WARN_STRICT_PROTOTYPES = YES;
				CLANG_WARN_SUSPICIOUS_MOVE = YES;
				CLANG_WARN_UNGUARDED_AVAILABILITY = YES_AGGRESSIVE;
				CLANG_WARN_UNREACHABLE_CODE = YES;
				CLANG_WARN__DUPLICATE_METHOD_MATCH = YES;
				COPY_PHASE_STRIP = NO;
				DEBUG_INFORMATION_FORMAT = dwarf;
				ENABLE_STRICT_OBJC_MSGSEND = YES;
				ENABLE_TESTABILITY = YES;
				ENABLE_USER_SCRIPT_SANDBOXING = YES;
				GCC_C_LANGUAGE_STANDARD = gnu17;
				GCC_DYNAMIC_NO_PIC = NO;
				GCC_NO_COMMON_BLOCKS = YES;
				GCC_OPTIMIZATION_LEVEL = 0;
				GCC_PREPROCESSOR_DEFINITIONS = (
					"DEBUG=1",
					"$(inherited)",
				);
				GCC_WARN_64_TO_32_BIT_CONVERSION = YES;
				GCC_WARN_ABOUT_RETURN_TYPE = YES_ERROR;
				GCC_WARN_UNDECLARED_SELECTOR = YES;
				GCC_WARN_UNINITIALIZED_AUTOS = YES_AGGRESSIVE;
				GCC_WARN_UNUSED_FUNCTION = YES;
				GCC_WARN_UNUSED_VARIABLE = YES;
				IPHONEOS_DEPLOYMENT_TARGET = 17.0;
				LOCALIZATION_PREFERS_STRING_CATALOGS = YES;
				MTL_ENABLE_DEBUG_INFO = INCLUDE_SOURCE;
				MTL_FAST_MATH = YES;
				ONLY_ACTIVE_ARCH = YES;
				SDKROOT = iphoneos;
				SWIFT_ACTIVE_COMPILATION_CONDITIONS = "DEBUG $(inherited)";
				SWIFT_OPTIMIZATION_LEVEL = "-Onone";
			};
			name = Debug;
		};
		A5E5C8902BD7EA0A003D370B /* Release */ = {
			isa = XCBuildConfiguration;
			buildSettings = {
				ALWAYS_SEARCH_USER_PATHS = NO;
				ASSETCATALOG_COMPILER_GENERATE_SWIFT_ASSET_SYMBOL_EXTENSIONS = YES;
				CLANG_ANALYZER_NONNULL = YES;
				CLANG_ANALYZER_NUMBER_OBJECT_CONVERSION = YES_AGGRESSIVE;
				CLANG_CXX_LANGUAGE_STANDARD = "gnu++20";
				CLANG_ENABLE_MODULES = YES;
				CLANG_ENABLE_OBJC_ARC = YES;
				CLANG_ENABLE_OBJC_WEAK = YES;
				CLANG_WARN_BLOCK_CAPTURE_AUTORELEASING = YES;
				CLANG_WARN_BOOL_CONVERSION = YES;
				CLANG_WARN_COMMA = YES;
				CLANG_WARN_CONSTANT_CONVERSION = YES;
				CLANG_WARN_DEPRECATED_OBJC_IMPLEMENTATIONS = YES;
				CLANG_WARN_DIRECT_OBJC_ISA_USAGE = YES_ERROR;
				CLANG_WARN_DOCUMENTATION_COMMENTS = YES;
				CLANG_WARN_EMPTY_BODY = YES;
				CLANG_WARN_ENUM_CONVERSION = YES;
				CLANG_WARN_INFINITE_RECURSION = YES;
				CLANG_WARN_INT_CONVERSION = YES;
				CLANG_WARN_NON_LITERAL_NULL_CONVERSION = YES;
				CLANG_WARN_OBJC_IMPLICIT_RETAIN_SELF = YES;
				CLANG_WARN_OBJC_LITERAL_CONVERSION = YES;
				CLANG_WARN_OBJC_ROOT_CLASS = YES_ERROR;
				CLANG_WARN_QUOTED_INCLUDE_IN_FRAMEWORK_HEADER = YES;
				CLANG_WARN_RANGE_LOOP_ANALYSIS = YES;
				CLANG_WARN_STRICT_PROTOTYPES = YES;
				CLANG_WARN_SUSPICIOUS_MOVE = YES;
				CLANG_WARN_UNGUARDED_AVAILABILITY = YES_AGGRESSIVE;
				CLANG_WARN_UNREACHABLE_CODE = YES;
				CLANG_WARN__DUPLICATE_METHOD_MATCH = YES;
				COPY_PHASE_STRIP = NO;
				DEBUG_INFORMATION_FORMAT = "dwarf-with-dsym";
				ENABLE_NS_ASSERTIONS = NO;
				ENABLE_STRICT_OBJC_MSGSEND = YES;
				ENABLE_USER_SCRIPT_SANDBOXING = YES;
				GCC_C_LANGUAGE_STANDARD = gnu17;
				GCC_NO_COMMON_BLOCKS = YES;
				GCC_WARN_64_TO_32_BIT_CONVERSION = YES;
				GCC_WARN_ABOUT_RETURN_TYPE = YES_ERROR;
				GCC_WARN_UNDECLARED_SELECTOR = YES;
				GCC_WARN_UNINITIALIZED_AUTOS = YES_AGGRESSIVE;
				GCC_WARN_UNUSED_FUNCTION = YES;
				GCC_WARN_UNUSED_VARIABLE = YES;
				IPHONEOS_DEPLOYMENT_TARGET = 17.0;
				LOCALIZATION_PREFERS_STRING_CATALOGS = YES;
				MTL_ENABLE_DEBUG_INFO = NO;
				MTL_FAST_MATH = YES;
				SDKROOT = iphoneos;
				SWIFT_COMPILATION_MODE = wholemodule;
				VALIDATE_PRODUCT = YES;
			};
			name = Release;
		};
		A5E5C8922BD7EA0A003D370B /* Debug */ = {
			isa = XCBuildConfiguration;
			buildSettings = {
				ASSETCATALOG_COMPILER_APPICON_NAME = AppIcon;
				ASSETCATALOG_COMPILER_GLOBAL_ACCENT_COLOR_NAME = AccentColor;
				CODE_SIGN_STYLE = Automatic;
				CURRENT_PROJECT_VERSION = 1;
				DEVELOPMENT_ASSET_PATHS = "\"HouseTaskApp/Preview Content\"";
				ENABLE_PREVIEWS = YES;
				GENERATE_INFOPLIST_FILE = YES;
				INFOPLIST_KEY_UIApplicationSceneManifest_Generation = YES;
				INFOPLIST_KEY_UIApplicationSupportsIndirectInputEvents = YES;
				INFOPLIST_KEY_UILaunchScreen_Generation = YES;
				INFOPLIST_KEY_UISupportedInterfaceOrientations_iPad = "UIInterfaceOrientationPortrait UIInterfaceOrientationPortraitUpsideDown UIInterfaceOrientationLandscapeLeft UIInterfaceOrientationLandscapeRight";
				INFOPLIST_KEY_UISupportedInterfaceOrientations_iPhone = "UIInterfaceOrientationPortrait UIInterfaceOrientationLandscapeLeft UIInterfaceOrientationLandscapeRight";
				LD_RUNPATH_SEARCH_PATHS = (
					"$(inherited)",
					"@executable_path/Frameworks",
				);
				MARKETING_VERSION = 1.0;
				PRODUCT_BUNDLE_IDENTIFIER = bm.HouseTaskApp;
				PRODUCT_NAME = "$(TARGET_NAME)";
				SWIFT_EMIT_LOC_STRINGS = YES;
				SWIFT_VERSION = 5.0;
				TARGETED_DEVICE_FAMILY = "1,2";
			};
			name = Debug;
		};
		A5E5C8932BD7EA0A003D370B /* Release */ = {
			isa = XCBuildConfiguration;
			buildSettings = {
				ASSETCATALOG_COMPILER_APPICON_NAME = AppIcon;
				ASSETCATALOG_COMPILER_GLOBAL_ACCENT_COLOR_NAME = AccentColor;
				CODE_SIGN_STYLE = Automatic;
				CURRENT_PROJECT_VERSION = 1;
				DEVELOPMENT_ASSET_PATHS = "\"HouseTaskApp/Preview Content\"";
				ENABLE_PREVIEWS = YES;
				GENERATE_INFOPLIST_FILE = YES;
				INFOPLIST_KEY_UIApplicationSceneManifest_Generation = YES;
				INFOPLIST_KEY_UIApplicationSupportsIndirectInputEvents = YES;
				INFOPLIST_KEY_UILaunchScreen_Generation = YES;
				INFOPLIST_KEY_UISupportedInterfaceOrientations_iPad = "UIInterfaceOrientationPortrait UIInterfaceOrientationPortraitUpsideDown UIInterfaceOrientationLandscapeLeft UIInterfaceOrientationLandscapeRight";
				INFOPLIST_KEY_UISupportedInterfaceOrientations_iPhone = "UIInterfaceOrientationPortrait UIInterfaceOrientationLandscapeLeft UIInterfaceOrientationLandscapeRight";
				LD_RUNPATH_SEARCH_PATHS = (
					"$(inherited)",
					"@executable_path/Frameworks",
				);
				MARKETING_VERSION = 1.0;
				PRODUCT_BUNDLE_IDENTIFIER = bm.HouseTaskApp;
				PRODUCT_NAME = "$(TARGET_NAME)";
				SWIFT_EMIT_LOC_STRINGS = YES;
				SWIFT_VERSION = 5.0;
				TARGETED_DEVICE_FAMILY = "1,2";
			};
			name = Release;
		};
		A5E5C8952BD7EA0A003D370B /* Debug */ = {
			isa = XCBuildConfiguration;
			buildSettings = {
				ALWAYS_EMBED_SWIFT_STANDARD_LIBRARIES = YES;
				BUNDLE_LOADER = "$(TEST_HOST)";
				CODE_SIGN_STYLE = Automatic;
				CURRENT_PROJECT_VERSION = 1;
				GENERATE_INFOPLIST_FILE = YES;
				IPHONEOS_DEPLOYMENT_TARGET = 17.0;
				MARKETING_VERSION = 1.0;
				PRODUCT_BUNDLE_IDENTIFIER = bm.HouseTaskAppTests;
				PRODUCT_NAME = "$(TARGET_NAME)";
				SWIFT_EMIT_LOC_STRINGS = NO;
				SWIFT_VERSION = 5.0;
				TARGETED_DEVICE_FAMILY = "1,2";
				TEST_HOST = "$(BUILT_PRODUCTS_DIR)/HouseTaskApp.app/$(BUNDLE_EXECUTABLE_FOLDER_PATH)/HouseTaskApp";
			};
			name = Debug;
		};
		A5E5C8962BD7EA0A003D370B /* Release */ = {
			isa = XCBuildConfiguration;
			buildSettings = {
				ALWAYS_EMBED_SWIFT_STANDARD_LIBRARIES = YES;
				BUNDLE_LOADER = "$(TEST_HOST)";
				CODE_SIGN_STYLE = Automatic;
				CURRENT_PROJECT_VERSION = 1;
				GENERATE_INFOPLIST_FILE = YES;
				IPHONEOS_DEPLOYMENT_TARGET = 17.0;
				MARKETING_VERSION = 1.0;
				PRODUCT_BUNDLE_IDENTIFIER = bm.HouseTaskAppTests;
				PRODUCT_NAME = "$(TARGET_NAME)";
				SWIFT_EMIT_LOC_STRINGS = NO;
				SWIFT_VERSION = 5.0;
				TARGETED_DEVICE_FAMILY = "1,2";
				TEST_HOST = "$(BUILT_PRODUCTS_DIR)/HouseTaskApp.app/$(BUNDLE_EXECUTABLE_FOLDER_PATH)/HouseTaskApp";
			};
			name = Release;
		};
		A5E5C8982BD7EA0A003D370B /* Debug */ = {
			isa = XCBuildConfiguration;
			buildSettings = {
				ALWAYS_EMBED_SWIFT_STANDARD_LIBRARIES = YES;
				CODE_SIGN_STYLE = Automatic;
				CURRENT_PROJECT_VERSION = 1;
				GENERATE_INFOPLIST_FILE = YES;
				MARKETING_VERSION = 1.0;
				PRODUCT_BUNDLE_IDENTIFIER = bm.HouseTaskAppUITests;
				PRODUCT_NAME = "$(TARGET_NAME)";
				SWIFT_EMIT_LOC_STRINGS = NO;
				SWIFT_VERSION = 5.0;
				TARGETED_DEVICE_FAMILY = "1,2";
				TEST_TARGET_NAME = HouseTaskApp;
			};
			name = Debug;
		};
		A5E5C8992BD7EA0A003D370B /* Release */ = {
			isa = XCBuildConfiguration;
			buildSettings = {
				ALWAYS_EMBED_SWIFT_STANDARD_LIBRARIES = YES;
				CODE_SIGN_STYLE = Automatic;
				CURRENT_PROJECT_VERSION = 1;
				GENERATE_INFOPLIST_FILE = YES;
				MARKETING_VERSION = 1.0;
				PRODUCT_BUNDLE_IDENTIFIER = bm.HouseTaskAppUITests;
				PRODUCT_NAME = "$(TARGET_NAME)";
				SWIFT_EMIT_LOC_STRINGS = NO;
				SWIFT_VERSION = 5.0;
				TARGETED_DEVICE_FAMILY = "1,2";
				TEST_TARGET_NAME = HouseTaskApp;
			};
			name = Release;
		};
/* End XCBuildConfiguration section */

/* Begin XCConfigurationList section */
		A5E5C8682BD7EA08003D370B /* Build configuration list for PBXProject "HouseTaskApp" */ = {
			isa = XCConfigurationList;
			buildConfigurations = (
				A5E5C88F2BD7EA0A003D370B /* Debug */,
				A5E5C8902BD7EA0A003D370B /* Release */,
			);
			defaultConfigurationIsVisible = 0;
			defaultConfigurationName = Release;
		};
		A5E5C8912BD7EA0A003D370B /* Build configuration list for PBXNativeTarget "HouseTaskApp" */ = {
			isa = XCConfigurationList;
			buildConfigurations = (
				A5E5C8922BD7EA0A003D370B /* Debug */,
				A5E5C8932BD7EA0A003D370B /* Release */,
			);
			defaultConfigurationIsVisible = 0;
			defaultConfigurationName = Release;
		};
		A5E5C8942BD7EA0A003D370B /* Build configuration list for PBXNativeTarget "HouseTaskAppTests" */ = {
			isa = XCConfigurationList;
			buildConfigurations = (
				A5E5C8952BD7EA0A003D370B /* Debug */,
				A5E5C8962BD7EA0A003D370B /* Release */,
			);
			defaultConfigurationIsVisible = 0;
			defaultConfigurationName = Release;
		};
		A5E5C8972BD7EA0A003D370B /* Build configuration list for PBXNativeTarget "HouseTaskAppUITests" */ = {
			isa = XCConfigurationList;
			buildConfigurations = (
				A5E5C8982BD7EA0A003D370B /* Debug */,
				A5E5C8992BD7EA0A003D370B /* Release */,
			);
			defaultConfigurationIsVisible = 0;
			defaultConfigurationName = Release;
		};
/* End XCConfigurationList section */
	};
	rootObject = A5E5C8652BD7EA08003D370B /* Project object */;
}
